// !$*UTF8*$!
{
	archiveVersion = 1;
	classes = {
	};
	objectVersion = 55;
	objects = {

/* Begin PBXBuildFile section */
		9DC5BE9028AEAC5700CA8106 /* PsiPowersCollectionViewCell.swift in Sources */ = {isa = PBXBuildFile; fileRef = 9DC5BE8F28AEAC5700CA8106 /* PsiPowersCollectionViewCell.swift */; };
		9DC5BE9228AEAD2A00CA8106 /* CharacterViewController.swift in Sources */ = {isa = PBXBuildFile; fileRef = 9DC5BE9128AEAD2A00CA8106 /* CharacterViewController.swift */; };
		B38CB62F28AE655F006EBDDC /* AppDelegate.swift in Sources */ = {isa = PBXBuildFile; fileRef = B38CB62E28AE655F006EBDDC /* AppDelegate.swift */; };
		B38CB63128AE655F006EBDDC /* SceneDelegate.swift in Sources */ = {isa = PBXBuildFile; fileRef = B38CB63028AE655F006EBDDC /* SceneDelegate.swift */; };
		B38CB63328AE655F006EBDDC /* MainViewController.swift in Sources */ = {isa = PBXBuildFile; fileRef = B38CB63228AE655F006EBDDC /* MainViewController.swift */; };
		B38CB63628AE655F006EBDDC /* Main.storyboard in Resources */ = {isa = PBXBuildFile; fileRef = B38CB63428AE655F006EBDDC /* Main.storyboard */; };
		B38CB63828AE6561006EBDDC /* Assets.xcassets in Resources */ = {isa = PBXBuildFile; fileRef = B38CB63728AE6561006EBDDC /* Assets.xcassets */; };
		B38CB63B28AE6561006EBDDC /* LaunchScreen.storyboard in Resources */ = {isa = PBXBuildFile; fileRef = B38CB63928AE6561006EBDDC /* LaunchScreen.storyboard */; };
		B38CB64728AE65D9006EBDDC /* NetworkManager.swift in Sources */ = {isa = PBXBuildFile; fileRef = B38CB64628AE65D9006EBDDC /* NetworkManager.swift */; };
		B38CB64A28AE66E3006EBDDC /* Character.swift in Sources */ = {isa = PBXBuildFile; fileRef = B38CB64928AE66E3006EBDDC /* Character.swift */; };
		B38CB64D28AE70F6006EBDDC /* CharacterCollectionViewCell.swift in Sources */ = {isa = PBXBuildFile; fileRef = B38CB64C28AE70F6006EBDDC /* CharacterCollectionViewCell.swift */; };
		B38CB65128AFB9EF006EBDDC /* PsiPowerViewController.swift in Sources */ = {isa = PBXBuildFile; fileRef = B38CB65028AFB9EF006EBDDC /* PsiPowerViewController.swift */; };
		B3CE69B628B0DE97008F48EF /* ImageCacheManager.swift in Sources */ = {isa = PBXBuildFile; fileRef = B3CE69B528B0DE97008F48EF /* ImageCacheManager.swift */; };
		B3CE69B828B113C1008F48EF /* ImageManager.swift in Sources */ = {isa = PBXBuildFile; fileRef = B3CE69B728B113C1008F48EF /* ImageManager.swift */; };
/* End PBXBuildFile section */

/* Begin PBXFileReference section */
		9DC5BE8F28AEAC5700CA8106 /* PsiPowersCollectionViewCell.swift */ = {isa = PBXFileReference; lastKnownFileType = sourcecode.swift; path = PsiPowersCollectionViewCell.swift; sourceTree = "<group>"; };
		9DC5BE9128AEAD2A00CA8106 /* CharacterViewController.swift */ = {isa = PBXFileReference; lastKnownFileType = sourcecode.swift; path = CharacterViewController.swift; sourceTree = "<group>"; };
		B38CB62B28AE655F006EBDDC /* PsychonautsApp.app */ = {isa = PBXFileReference; explicitFileType = wrapper.application; includeInIndex = 0; path = PsychonautsApp.app; sourceTree = BUILT_PRODUCTS_DIR; };
		B38CB62E28AE655F006EBDDC /* AppDelegate.swift */ = {isa = PBXFileReference; lastKnownFileType = sourcecode.swift; path = AppDelegate.swift; sourceTree = "<group>"; };
		B38CB63028AE655F006EBDDC /* SceneDelegate.swift */ = {isa = PBXFileReference; lastKnownFileType = sourcecode.swift; path = SceneDelegate.swift; sourceTree = "<group>"; };
		B38CB63228AE655F006EBDDC /* MainViewController.swift */ = {isa = PBXFileReference; lastKnownFileType = sourcecode.swift; path = MainViewController.swift; sourceTree = "<group>"; };
		B38CB63528AE655F006EBDDC /* Base */ = {isa = PBXFileReference; lastKnownFileType = file.storyboard; name = Base; path = Base.lproj/Main.storyboard; sourceTree = "<group>"; };
		B38CB63728AE6561006EBDDC /* Assets.xcassets */ = {isa = PBXFileReference; lastKnownFileType = folder.assetcatalog; path = Assets.xcassets; sourceTree = "<group>"; };
		B38CB63A28AE6561006EBDDC /* Base */ = {isa = PBXFileReference; lastKnownFileType = file.storyboard; name = Base; path = Base.lproj/LaunchScreen.storyboard; sourceTree = "<group>"; };
		B38CB63C28AE6561006EBDDC /* Info.plist */ = {isa = PBXFileReference; lastKnownFileType = text.plist.xml; path = Info.plist; sourceTree = "<group>"; };
		B38CB64628AE65D9006EBDDC /* NetworkManager.swift */ = {isa = PBXFileReference; lastKnownFileType = sourcecode.swift; path = NetworkManager.swift; sourceTree = "<group>"; };
		B38CB64928AE66E3006EBDDC /* Character.swift */ = {isa = PBXFileReference; lastKnownFileType = sourcecode.swift; path = Character.swift; sourceTree = "<group>"; };
		B38CB64C28AE70F6006EBDDC /* CharacterCollectionViewCell.swift */ = {isa = PBXFileReference; lastKnownFileType = sourcecode.swift; path = CharacterCollectionViewCell.swift; sourceTree = "<group>"; };
		B38CB65028AFB9EF006EBDDC /* PsiPowerViewController.swift */ = {isa = PBXFileReference; lastKnownFileType = sourcecode.swift; path = PsiPowerViewController.swift; sourceTree = "<group>"; };
		B3CE69B528B0DE97008F48EF /* ImageCacheManager.swift */ = {isa = PBXFileReference; lastKnownFileType = sourcecode.swift; path = ImageCacheManager.swift; sourceTree = "<group>"; };
		B3CE69B728B113C1008F48EF /* ImageManager.swift */ = {isa = PBXFileReference; lastKnownFileType = sourcecode.swift; path = ImageManager.swift; sourceTree = "<group>"; };
/* End PBXFileReference section */

/* Begin PBXFrameworksBuildPhase section */
		B38CB62828AE655F006EBDDC /* Frameworks */ = {
			isa = PBXFrameworksBuildPhase;
			buildActionMask = 2147483647;
			files = (
			);
			runOnlyForDeploymentPostprocessing = 0;
		};
/* End PBXFrameworksBuildPhase section */

/* Begin PBXGroup section */
		B38CB62228AE655F006EBDDC = {
			isa = PBXGroup;
			children = (
				B38CB62D28AE655F006EBDDC /* PsychonautsApp */,
				B38CB62C28AE655F006EBDDC /* Products */,
			);
			sourceTree = "<group>";
		};
		B38CB62C28AE655F006EBDDC /* Products */ = {
			isa = PBXGroup;
			children = (
				B38CB62B28AE655F006EBDDC /* PsychonautsApp.app */,
			);
			name = Products;
			sourceTree = "<group>";
		};
		B38CB62D28AE655F006EBDDC /* PsychonautsApp */ = {
			isa = PBXGroup;
			children = (
				B38CB64B28AE70D7006EBDDC /* Views */,
				B38CB64828AE66D6006EBDDC /* Models */,
				B38CB64528AE65C8006EBDDC /* Sources */,
				B38CB64228AE6577006EBDDC /* App */,
				B38CB64328AE6594006EBDDC /* ViewControllers */,
				B38CB64428AE65B4006EBDDC /* Storyboards */,
				B38CB63728AE6561006EBDDC /* Assets.xcassets */,
			);
			path = PsychonautsApp;
			sourceTree = "<group>";
		};
		B38CB64228AE6577006EBDDC /* App */ = {
			isa = PBXGroup;
			children = (
				B38CB62E28AE655F006EBDDC /* AppDelegate.swift */,
				B38CB63028AE655F006EBDDC /* SceneDelegate.swift */,
				B38CB63C28AE6561006EBDDC /* Info.plist */,
			);
			path = App;
			sourceTree = "<group>";
		};
		B38CB64328AE6594006EBDDC /* ViewControllers */ = {
			isa = PBXGroup;
			children = (
				B38CB63228AE655F006EBDDC /* MainViewController.swift */,
				9DC5BE9128AEAD2A00CA8106 /* CharacterViewController.swift */,
				B38CB65028AFB9EF006EBDDC /* PsiPowerViewController.swift */,
			);
			path = ViewControllers;
			sourceTree = "<group>";
		};
		B38CB64428AE65B4006EBDDC /* Storyboards */ = {
			isa = PBXGroup;
			children = (
				B38CB63428AE655F006EBDDC /* Main.storyboard */,
				B38CB63928AE6561006EBDDC /* LaunchScreen.storyboard */,
			);
			path = Storyboards;
			sourceTree = "<group>";
		};
		B38CB64528AE65C8006EBDDC /* Sources */ = {
			isa = PBXGroup;
			children = (
				B38CB64628AE65D9006EBDDC /* NetworkManager.swift */,
				B3CE69B528B0DE97008F48EF /* ImageCacheManager.swift */,
				B3CE69B728B113C1008F48EF /* ImageManager.swift */,
			);
			path = Sources;
			sourceTree = "<group>";
		};
		B38CB64828AE66D6006EBDDC /* Models */ = {
			isa = PBXGroup;
			children = (
				B38CB64928AE66E3006EBDDC /* Character.swift */,
			);
			path = Models;
			sourceTree = "<group>";
		};
		B38CB64B28AE70D7006EBDDC /* Views */ = {
			isa = PBXGroup;
			children = (
				B38CB64C28AE70F6006EBDDC /* CharacterCollectionViewCell.swift */,
				9DC5BE8F28AEAC5700CA8106 /* PsiPowersCollectionViewCell.swift */,
			);
			path = Views;
			sourceTree = "<group>";
		};
/* End PBXGroup section */

/* Begin PBXNativeTarget section */
		B38CB62A28AE655F006EBDDC /* PsychonautsApp */ = {
			isa = PBXNativeTarget;
			buildConfigurationList = B38CB63F28AE6561006EBDDC /* Build configuration list for PBXNativeTarget "PsychonautsApp" */;
			buildPhases = (
				B38CB62728AE655F006EBDDC /* Sources */,
				B38CB62828AE655F006EBDDC /* Frameworks */,
				B38CB62928AE655F006EBDDC /* Resources */,
			);
			buildRules = (
			);
			dependencies = (
			);
			name = PsychonautsApp;
			productName = PsychonautsApp;
			productReference = B38CB62B28AE655F006EBDDC /* PsychonautsApp.app */;
			productType = "com.apple.product-type.application";
		};
/* End PBXNativeTarget section */

/* Begin PBXProject section */
		B38CB62328AE655F006EBDDC /* Project object */ = {
			isa = PBXProject;
			attributes = {
				BuildIndependentTargetsInParallel = 1;
				LastSwiftUpdateCheck = 1340;
				LastUpgradeCheck = 1340;
				TargetAttributes = {
					B38CB62A28AE655F006EBDDC = {
						CreatedOnToolsVersion = 13.4.1;
					};
				};
			};
			buildConfigurationList = B38CB62628AE655F006EBDDC /* Build configuration list for PBXProject "PsychonautsApp" */;
			compatibilityVersion = "Xcode 13.0";
			developmentRegion = en;
			hasScannedForEncodings = 0;
			knownRegions = (
				en,
				Base,
			);
			mainGroup = B38CB62228AE655F006EBDDC;
			productRefGroup = B38CB62C28AE655F006EBDDC /* Products */;
			projectDirPath = "";
			projectRoot = "";
			targets = (
				B38CB62A28AE655F006EBDDC /* PsychonautsApp */,
			);
		};
/* End PBXProject section */

/* Begin PBXResourcesBuildPhase section */
		B38CB62928AE655F006EBDDC /* Resources */ = {
			isa = PBXResourcesBuildPhase;
			buildActionMask = 2147483647;
			files = (
				B38CB63B28AE6561006EBDDC /* LaunchScreen.storyboard in Resources */,
				B38CB63828AE6561006EBDDC /* Assets.xcassets in Resources */,
				B38CB63628AE655F006EBDDC /* Main.storyboard in Resources */,
			);
			runOnlyForDeploymentPostprocessing = 0;
		};
/* End PBXResourcesBuildPhase section */

/* Begin PBXSourcesBuildPhase section */
		B38CB62728AE655F006EBDDC /* Sources */ = {
			isa = PBXSourcesBuildPhase;
			buildActionMask = 2147483647;
			files = (
				B38CB64D28AE70F6006EBDDC /* CharacterCollectionViewCell.swift in Sources */,
				B38CB64728AE65D9006EBDDC /* NetworkManager.swift in Sources */,
				B3CE69B628B0DE97008F48EF /* ImageCacheManager.swift in Sources */,
				B38CB63328AE655F006EBDDC /* MainViewController.swift in Sources */,
				B38CB65128AFB9EF006EBDDC /* PsiPowerViewController.swift in Sources */,
				B38CB64A28AE66E3006EBDDC /* Character.swift in Sources */,
				9DC5BE9228AEAD2A00CA8106 /* CharacterViewController.swift in Sources */,
				B38CB62F28AE655F006EBDDC /* AppDelegate.swift in Sources */,
				B38CB63128AE655F006EBDDC /* SceneDelegate.swift in Sources */,
				B3CE69B828B113C1008F48EF /* ImageManager.swift in Sources */,
				9DC5BE9028AEAC5700CA8106 /* PsiPowersCollectionViewCell.swift in Sources */,
			);
			runOnlyForDeploymentPostprocessing = 0;
		};
/* End PBXSourcesBuildPhase section */

/* Begin PBXVariantGroup section */
		B38CB63428AE655F006EBDDC /* Main.storyboard */ = {
			isa = PBXVariantGroup;
			children = (
				B38CB63528AE655F006EBDDC /* Base */,
			);
			name = Main.storyboard;
			sourceTree = "<group>";
		};
		B38CB63928AE6561006EBDDC /* LaunchScreen.storyboard */ = {
			isa = PBXVariantGroup;
			children = (
				B38CB63A28AE6561006EBDDC /* Base */,
			);
			name = LaunchScreen.storyboard;
			sourceTree = "<group>";
		};
/* End PBXVariantGroup section */

/* Begin XCBuildConfiguration section */
		B38CB63D28AE6561006EBDDC /* Debug */ = {
			isa = XCBuildConfiguration;
			buildSettings = {
				ALWAYS_SEARCH_USER_PATHS = NO;
				CLANG_ANALYZER_NONNULL = YES;
				CLANG_ANALYZER_NUMBER_OBJECT_CONVERSION = YES_AGGRESSIVE;
				CLANG_CXX_LANGUAGE_STANDARD = "gnu++17";
				CLANG_ENABLE_MODULES = YES;
				CLANG_ENABLE_OBJC_ARC = YES;
				CLANG_ENABLE_OBJC_WEAK = YES;
				CLANG_WARN_BLOCK_CAPTURE_AUTORELEASING = YES;
				CLANG_WARN_BOOL_CONVERSION = YES;
				CLANG_WARN_COMMA = YES;
				CLANG_WARN_CONSTANT_CONVERSION = YES;
				CLANG_WARN_DEPRECATED_OBJC_IMPLEMENTATIONS = YES;
				CLANG_WARN_DIRECT_OBJC_ISA_USAGE = YES_ERROR;
				CLANG_WARN_DOCUMENTATION_COMMENTS = YES;
				CLANG_WARN_EMPTY_BODY = YES;
				CLANG_WARN_ENUM_CONVERSION = YES;
				CLANG_WARN_INFINITE_RECURSION = YES;
				CLANG_WARN_INT_CONVERSION = YES;
				CLANG_WARN_NON_LITERAL_NULL_CONVERSION = YES;
				CLANG_WARN_OBJC_IMPLICIT_RETAIN_SELF = YES;
				CLANG_WARN_OBJC_LITERAL_CONVERSION = YES;
				CLANG_WARN_OBJC_ROOT_CLASS = YES_ERROR;
				CLANG_WARN_QUOTED_INCLUDE_IN_FRAMEWORK_HEADER = YES;
				CLANG_WARN_RANGE_LOOP_ANALYSIS = YES;
				CLANG_WARN_STRICT_PROTOTYPES = YES;
				CLANG_WARN_SUSPICIOUS_MOVE = YES;
				CLANG_WARN_UNGUARDED_AVAILABILITY = YES_AGGRESSIVE;
				CLANG_WARN_UNREACHABLE_CODE = YES;
				CLANG_WARN__DUPLICATE_METHOD_MATCH = YES;
				COPY_PHASE_STRIP = NO;
				DEBUG_INFORMATION_FORMAT = dwarf;
				ENABLE_STRICT_OBJC_MSGSEND = YES;
				ENABLE_TESTABILITY = YES;
				GCC_C_LANGUAGE_STANDARD = gnu11;
				GCC_DYNAMIC_NO_PIC = NO;
				GCC_NO_COMMON_BLOCKS = YES;
				GCC_OPTIMIZATION_LEVEL = 0;
				GCC_PREPROCESSOR_DEFINITIONS = (
					"DEBUG=1",
					"$(inherited)",
				);
				GCC_WARN_64_TO_32_BIT_CONVERSION = YES;
				GCC_WARN_ABOUT_RETURN_TYPE = YES_ERROR;
				GCC_WARN_UNDECLARED_SELECTOR = YES;
				GCC_WARN_UNINITIALIZED_AUTOS = YES_AGGRESSIVE;
				GCC_WARN_UNUSED_FUNCTION = YES;
				GCC_WARN_UNUSED_VARIABLE = YES;
				IPHONEOS_DEPLOYMENT_TARGET = 15.5;
				MTL_ENABLE_DEBUG_INFO = INCLUDE_SOURCE;
				MTL_FAST_MATH = YES;
				ONLY_ACTIVE_ARCH = YES;
				SDKROOT = iphoneos;
				SWIFT_ACTIVE_COMPILATION_CONDITIONS = DEBUG;
				SWIFT_OPTIMIZATION_LEVEL = "-Onone";
			};
			name = Debug;
		};
		B38CB63E28AE6561006EBDDC /* Release */ = {
			isa = XCBuildConfiguration;
			buildSettings = {
				ALWAYS_SEARCH_USER_PATHS = NO;
				CLANG_ANALYZER_NONNULL = YES;
				CLANG_ANALYZER_NUMBER_OBJECT_CONVERSION = YES_AGGRESSIVE;
				CLANG_CXX_LANGUAGE_STANDARD = "gnu++17";
				CLANG_ENABLE_MODULES = YES;
				CLANG_ENABLE_OBJC_ARC = YES;
				CLANG_ENABLE_OBJC_WEAK = YES;
				CLANG_WARN_BLOCK_CAPTURE_AUTORELEASING = YES;
				CLANG_WARN_BOOL_CONVERSION = YES;
				CLANG_WARN_COMMA = YES;
				CLANG_WARN_CONSTANT_CONVERSION = YES;
				CLANG_WARN_DEPRECATED_OBJC_IMPLEMENTATIONS = YES;
				CLANG_WARN_DIRECT_OBJC_ISA_USAGE = YES_ERROR;
				CLANG_WARN_DOCUMENTATION_COMMENTS = YES;
				CLANG_WARN_EMPTY_BODY = YES;
				CLANG_WARN_ENUM_CONVERSION = YES;
				CLANG_WARN_INFINITE_RECURSION = YES;
				CLANG_WARN_INT_CONVERSION = YES;
				CLANG_WARN_NON_LITERAL_NULL_CONVERSION = YES;
				CLANG_WARN_OBJC_IMPLICIT_RETAIN_SELF = YES;
				CLANG_WARN_OBJC_LITERAL_CONVERSION = YES;
				CLANG_WARN_OBJC_ROOT_CLASS = YES_ERROR;
				CLANG_WARN_QUOTED_INCLUDE_IN_FRAMEWORK_HEADER = YES;
				CLANG_WARN_RANGE_LOOP_ANALYSIS = YES;
				CLANG_WARN_STRICT_PROTOTYPES = YES;
				CLANG_WARN_SUSPICIOUS_MOVE = YES;
				CLANG_WARN_UNGUARDED_AVAILABILITY = YES_AGGRESSIVE;
				CLANG_WARN_UNREACHABLE_CODE = YES;
				CLANG_WARN__DUPLICATE_METHOD_MATCH = YES;
				COPY_PHASE_STRIP = NO;
				DEBUG_INFORMATION_FORMAT = "dwarf-with-dsym";
				ENABLE_NS_ASSERTIONS = NO;
				ENABLE_STRICT_OBJC_MSGSEND = YES;
				GCC_C_LANGUAGE_STANDARD = gnu11;
				GCC_NO_COMMON_BLOCKS = YES;
				GCC_WARN_64_TO_32_BIT_CONVERSION = YES;
				GCC_WARN_ABOUT_RETURN_TYPE = YES_ERROR;
				GCC_WARN_UNDECLARED_SELECTOR = YES;
				GCC_WARN_UNINITIALIZED_AUTOS = YES_AGGRESSIVE;
				GCC_WARN_UNUSED_FUNCTION = YES;
				GCC_WARN_UNUSED_VARIABLE = YES;
				IPHONEOS_DEPLOYMENT_TARGET = 15.5;
				MTL_ENABLE_DEBUG_INFO = NO;
				MTL_FAST_MATH = YES;
				SDKROOT = iphoneos;
				SWIFT_COMPILATION_MODE = wholemodule;
				SWIFT_OPTIMIZATION_LEVEL = "-O";
				VALIDATE_PRODUCT = YES;
			};
			name = Release;
		};
		B38CB64028AE6561006EBDDC /* Debug */ = {
			isa = XCBuildConfiguration;
			buildSettings = {
				ASSETCATALOG_COMPILER_APPICON_NAME = AppIcon;
				ASSETCATALOG_COMPILER_GLOBAL_ACCENT_COLOR_NAME = AccentColor;
				CODE_SIGN_STYLE = Automatic;
				CURRENT_PROJECT_VERSION = 1;
				DEVELOPMENT_TEAM = DUXW7U8H93;
				GENERATE_INFOPLIST_FILE = YES;
				INFOPLIST_FILE = PsychonautsApp/App/Info.plist;
				INFOPLIST_KEY_UIApplicationSupportsIndirectInputEvents = YES;
				INFOPLIST_KEY_UILaunchStoryboardName = LaunchScreen;
				INFOPLIST_KEY_UIMainStoryboardFile = Main;
				INFOPLIST_KEY_UISupportedInterfaceOrientations_iPad = "UIInterfaceOrientationPortrait UIInterfaceOrientationPortraitUpsideDown UIInterfaceOrientationLandscapeLeft UIInterfaceOrientationLandscapeRight";
				INFOPLIST_KEY_UISupportedInterfaceOrientations_iPhone = "UIInterfaceOrientationPortrait UIInterfaceOrientationLandscapeLeft UIInterfaceOrientationLandscapeRight";
				LD_RUNPATH_SEARCH_PATHS = (
					"$(inherited)",
					"@executable_path/Frameworks",
				);
				MARKETING_VERSION = 1.0;
				PRODUCT_BUNDLE_IDENTIFIER = ru.idrozhzh.PsychonautsApp;
				PRODUCT_NAME = "$(TARGET_NAME)";
				SWIFT_EMIT_LOC_STRINGS = YES;
				SWIFT_VERSION = 5.0;
				TARGETED_DEVICE_FAMILY = 1;
			};
			name = Debug;
		};
		B38CB64128AE6561006EBDDC /* Release */ = {
			isa = XCBuildConfiguration;
			buildSettings = {
				ASSETCATALOG_COMPILER_APPICON_NAME = AppIcon;
				ASSETCATALOG_COMPILER_GLOBAL_ACCENT_COLOR_NAME = AccentColor;
				CODE_SIGN_STYLE = Automatic;
				CURRENT_PROJECT_VERSION = 1;
				DEVELOPMENT_TEAM = DUXW7U8H93;
				GENERATE_INFOPLIST_FILE = YES;
				INFOPLIST_FILE = PsychonautsApp/App/Info.plist;
				INFOPLIST_KEY_UIApplicationSupportsIndirectInputEvents = YES;
				INFOPLIST_KEY_UILaunchStoryboardName = LaunchScreen;
				INFOPLIST_KEY_UIMainStoryboardFile = Main;
				INFOPLIST_KEY_UISupportedInterfaceOrientations_iPad = "UIInterfaceOrientationPortrait UIInterfaceOrientationPortraitUpsideDown UIInterfaceOrientationLandscapeLeft UIInterfaceOrientationLandscapeRight";
				INFOPLIST_KEY_UISupportedInterfaceOrientations_iPhone = "UIInterfaceOrientationPortrait UIInterfaceOrientationLandscapeLeft UIInterfaceOrientationLandscapeRight";
				LD_RUNPATH_SEARCH_PATHS = (
					"$(inherited)",
					"@executable_path/Frameworks",
				);
				MARKETING_VERSION = 1.0;
				PRODUCT_BUNDLE_IDENTIFIER = ru.idrozhzh.PsychonautsApp;
				PRODUCT_NAME = "$(TARGET_NAME)";
				SWIFT_EMIT_LOC_STRINGS = YES;
				SWIFT_VERSION = 5.0;
				TARGETED_DEVICE_FAMILY = 1;
			};
			name = Release;
		};
/* End XCBuildConfiguration section */

/* Begin XCConfigurationList section */
		B38CB62628AE655F006EBDDC /* Build configuration list for PBXProject "PsychonautsApp" */ = {
			isa = XCConfigurationList;
			buildConfigurations = (
				B38CB63D28AE6561006EBDDC /* Debug */,
				B38CB63E28AE6561006EBDDC /* Release */,
			);
			defaultConfigurationIsVisible = 0;
			defaultConfigurationName = Release;
		};
		B38CB63F28AE6561006EBDDC /* Build configuration list for PBXNativeTarget "PsychonautsApp" */ = {
			isa = XCConfigurationList;
			buildConfigurations = (
				B38CB64028AE6561006EBDDC /* Debug */,
				B38CB64128AE6561006EBDDC /* Release */,
			);
			defaultConfigurationIsVisible = 0;
			defaultConfigurationName = Release;
		};
/* End XCConfigurationList section */
	};
	rootObject = B38CB62328AE655F006EBDDC /* Project object */;
}
